// !$*UTF8*$!
{
	archiveVersion = 1;
	classes = {
	};
	objectVersion = 50;
	objects = {

/* Begin PBXBuildFile section */
		F97259D424FB2EB300793A8F /* AppDelegate.swift in Sources */ = {isa = PBXBuildFile; fileRef = F97259D324FB2EB300793A8F /* AppDelegate.swift */; };
		F97259D624FB2EB300793A8F /* SceneDelegate.swift in Sources */ = {isa = PBXBuildFile; fileRef = F97259D524FB2EB300793A8F /* SceneDelegate.swift */; };
		F97259D824FB2EB300793A8F /* ViewController.swift in Sources */ = {isa = PBXBuildFile; fileRef = F97259D724FB2EB300793A8F /* ViewController.swift */; };
		F97259DB24FB2EB300793A8F /* Main.storyboard in Resources */ = {isa = PBXBuildFile; fileRef = F97259D924FB2EB300793A8F /* Main.storyboard */; };
		F97259DD24FB2EB900793A8F /* Assets.xcassets in Resources */ = {isa = PBXBuildFile; fileRef = F97259DC24FB2EB900793A8F /* Assets.xcassets */; };
		F97259E024FB2EB900793A8F /* LaunchScreen.storyboard in Resources */ = {isa = PBXBuildFile; fileRef = F97259DE24FB2EB900793A8F /* LaunchScreen.storyboard */; };
		F97259EA24FB308F00793A8F /* maruSound.mp3 in Resources */ = {isa = PBXBuildFile; fileRef = F97259E724FB308F00793A8F /* maruSound.mp3 */; };
		F97259EB24FB308F00793A8F /* batsuSound.mp3 in Resources */ = {isa = PBXBuildFile; fileRef = F97259E824FB308F00793A8F /* batsuSound.mp3 */; };
		F97259EC24FB308F00793A8F /* sound.mp3 in Resources */ = {isa = PBXBuildFile; fileRef = F97259E924FB308F00793A8F /* sound.mp3 */; };
		F97259F224FB358600793A8F /* NextViewController.swift in Sources */ = {isa = PBXBuildFile; fileRef = F97259F124FB358600793A8F /* NextViewController.swift */; };
		F97259F424FB3B6700793A8F /* ImagesModel.swift in Sources */ = {isa = PBXBuildFile; fileRef = F97259F324FB3B6700793A8F /* ImagesModel.swift */; };
		F97259F624FB3C6700793A8F /* ImagesList.swift in Sources */ = {isa = PBXBuildFile; fileRef = F97259F524FB3C6700793A8F /* ImagesList.swift */; };
		F97259F824FB4AA200793A8F /* SoundFile.swift in Sources */ = {isa = PBXBuildFile; fileRef = F97259F724FB4AA200793A8F /* SoundFile.swift */; };
		F97259FA24FB55B900793A8F /* WithoutMP3.swift in Sources */ = {isa = PBXBuildFile; fileRef = F97259F924FB55B900793A8F /* WithoutMP3.swift */; };
		F97259FC24FB5FE600793A8F /* ChangeColor.swift in Sources */ = {isa = PBXBuildFile; fileRef = F97259FB24FB5FE600793A8F /* ChangeColor.swift */; };
/* End PBXBuildFile section */

/* Begin PBXFileReference section */
		F97259D024FB2EB300793A8F /* QuestionApp1.app */ = {isa = PBXFileReference; explicitFileType = wrapper.application; includeInIndex = 0; path = QuestionApp1.app; sourceTree = BUILT_PRODUCTS_DIR; };
		F97259D324FB2EB300793A8F /* AppDelegate.swift */ = {isa = PBXFileReference; lastKnownFileType = sourcecode.swift; path = AppDelegate.swift; sourceTree = "<group>"; };
		F97259D524FB2EB300793A8F /* SceneDelegate.swift */ = {isa = PBXFileReference; lastKnownFileType = sourcecode.swift; path = SceneDelegate.swift; sourceTree = "<group>"; };
		F97259D724FB2EB300793A8F /* ViewController.swift */ = {isa = PBXFileReference; lastKnownFileType = sourcecode.swift; path = ViewController.swift; sourceTree = "<group>"; };
		F97259DA24FB2EB300793A8F /* Base */ = {isa = PBXFileReference; lastKnownFileType = file.storyboard; name = Base; path = Base.lproj/Main.storyboard; sourceTree = "<group>"; };
		F97259DC24FB2EB900793A8F /* Assets.xcassets */ = {isa = PBXFileReference; lastKnownFileType = folder.assetcatalog; path = Assets.xcassets; sourceTree = "<group>"; };
		F97259DF24FB2EB900793A8F /* Base */ = {isa = PBXFileReference; lastKnownFileType = file.storyboard; name = Base; path = Base.lproj/LaunchScreen.storyboard; sourceTree = "<group>"; };
		F97259E124FB2EB900793A8F /* Info.plist */ = {isa = PBXFileReference; lastKnownFileType = text.plist.xml; path = Info.plist; sourceTree = "<group>"; };
		F97259E724FB308F00793A8F /* maruSound.mp3 */ = {isa = PBXFileReference; lastKnownFileType = audio.mp3; path = maruSound.mp3; sourceTree = "<group>"; };
		F97259E824FB308F00793A8F /* batsuSound.mp3 */ = {isa = PBXFileReference; lastKnownFileType = audio.mp3; path = batsuSound.mp3; sourceTree = "<group>"; };
		F97259E924FB308F00793A8F /* sound.mp3 */ = {isa = PBXFileReference; lastKnownFileType = audio.mp3; path = sound.mp3; sourceTree = "<group>"; };
		F97259F124FB358600793A8F /* NextViewController.swift */ = {isa = PBXFileReference; lastKnownFileType = sourcecode.swift; path = NextViewController.swift; sourceTree = "<group>"; };
		F97259F324FB3B6700793A8F /* ImagesModel.swift */ = {isa = PBXFileReference; lastKnownFileType = sourcecode.swift; path = ImagesModel.swift; sourceTree = "<group>"; };
		F97259F524FB3C6700793A8F /* ImagesList.swift */ = {isa = PBXFileReference; lastKnownFileType = sourcecode.swift; path = ImagesList.swift; sourceTree = "<group>"; };
		F97259F724FB4AA200793A8F /* SoundFile.swift */ = {isa = PBXFileReference; lastKnownFileType = sourcecode.swift; path = SoundFile.swift; sourceTree = "<group>"; };
		F97259F924FB55B900793A8F /* WithoutMP3.swift */ = {isa = PBXFileReference; lastKnownFileType = sourcecode.swift; path = WithoutMP3.swift; sourceTree = "<group>"; };
		F97259FB24FB5FE600793A8F /* ChangeColor.swift */ = {isa = PBXFileReference; lastKnownFileType = sourcecode.swift; path = ChangeColor.swift; sourceTree = "<group>"; };
/* End PBXFileReference section */

/* Begin PBXFrameworksBuildPhase section */
		F97259CD24FB2EB300793A8F /* Frameworks */ = {
			isa = PBXFrameworksBuildPhase;
			buildActionMask = 2147483647;
			files = (
			);
			runOnlyForDeploymentPostprocessing = 0;
		};
/* End PBXFrameworksBuildPhase section */

/* Begin PBXGroup section */
		F97259C724FB2EB300793A8F = {
			isa = PBXGroup;
			children = (
				F97259D224FB2EB300793A8F /* QuestionApp1 */,
				F97259D124FB2EB300793A8F /* Products */,
			);
			sourceTree = "<group>";
		};
		F97259D124FB2EB300793A8F /* Products */ = {
			isa = PBXGroup;
			children = (
				F97259D024FB2EB300793A8F /* QuestionApp1.app */,
			);
			name = Products;
			sourceTree = "<group>";
		};
		F97259D224FB2EB300793A8F /* QuestionApp1 */ = {
			isa = PBXGroup;
			children = (
				F97259ED24FB33F300793A8F /* Model */,
				F97259F024FB345700793A8F /* View */,
				F97259EF24FB341700793A8F /* Controller */,
				F97259DE24FB2EB900793A8F /* LaunchScreen.storyboard */,
				F97259E124FB2EB900793A8F /* Info.plist */,
				F97259E824FB308F00793A8F /* batsuSound.mp3 */,
				F97259E724FB308F00793A8F /* maruSound.mp3 */,
				F97259E924FB308F00793A8F /* sound.mp3 */,
			);
			path = QuestionApp1;
			sourceTree = "<group>";
		};
		F97259ED24FB33F300793A8F /* Model */ = {
			isa = PBXGroup;
			children = (
				F97259F324FB3B6700793A8F /* ImagesModel.swift */,
				F97259F524FB3C6700793A8F /* ImagesList.swift */,
				F97259F724FB4AA200793A8F /* SoundFile.swift */,
				F97259F924FB55B900793A8F /* WithoutMP3.swift */,
				F97259FB24FB5FE600793A8F /* ChangeColor.swift */,
			);
			path = Model;
			sourceTree = "<group>";
		};
		F97259EF24FB341700793A8F /* Controller */ = {
			isa = PBXGroup;
			children = (
				F97259D324FB2EB300793A8F /* AppDelegate.swift */,
				F97259D524FB2EB300793A8F /* SceneDelegate.swift */,
				F97259D724FB2EB300793A8F /* ViewController.swift */,
				F97259F124FB358600793A8F /* NextViewController.swift */,
			);
			path = Controller;
			sourceTree = "<group>";
		};
		F97259F024FB345700793A8F /* View */ = {
			isa = PBXGroup;
			children = (
				F97259D924FB2EB300793A8F /* Main.storyboard */,
				F97259DC24FB2EB900793A8F /* Assets.xcassets */,
			);
			path = View;
			sourceTree = "<group>";
		};
/* End PBXGroup section */

/* Begin PBXNativeTarget section */
		F97259CF24FB2EB300793A8F /* QuestionApp1 */ = {
			isa = PBXNativeTarget;
			buildConfigurationList = F97259E424FB2EB900793A8F /* Build configuration list for PBXNativeTarget "QuestionApp1" */;
			buildPhases = (
				F97259CC24FB2EB300793A8F /* Sources */,
				F97259CD24FB2EB300793A8F /* Frameworks */,
				F97259CE24FB2EB300793A8F /* Resources */,
			);
			buildRules = (
			);
			dependencies = (
			);
			name = QuestionApp1;
			productName = QuestionApp1;
			productReference = F97259D024FB2EB300793A8F /* QuestionApp1.app */;
			productType = "com.apple.product-type.application";
		};
/* End PBXNativeTarget section */

/* Begin PBXProject section */
		F97259C824FB2EB300793A8F /* Project object */ = {
			isa = PBXProject;
			attributes = {
				LastSwiftUpdateCheck = 1160;
				LastUpgradeCheck = 1160;
				ORGANIZATIONNAME = "Haruki Inaba";
				TargetAttributes = {
					F97259CF24FB2EB300793A8F = {
						CreatedOnToolsVersion = 11.6;
					};
				};
			};
			buildConfigurationList = F97259CB24FB2EB300793A8F /* Build configuration list for PBXProject "QuestionApp1" */;
			compatibilityVersion = "Xcode 9.3";
			developmentRegion = en;
			hasScannedForEncodings = 0;
			knownRegions = (
				en,
				Base,
			);
			mainGroup = F97259C724FB2EB300793A8F;
			productRefGroup = F97259D124FB2EB300793A8F /* Products */;
			projectDirPath = "";
			projectRoot = "";
			targets = (
				F97259CF24FB2EB300793A8F /* QuestionApp1 */,
			);
		};
/* End PBXProject section */

/* Begin PBXResourcesBuildPhase section */
		F97259CE24FB2EB300793A8F /* Resources */ = {
			isa = PBXResourcesBuildPhase;
			buildActionMask = 2147483647;
			files = (
				F97259E024FB2EB900793A8F /* LaunchScreen.storyboard in Resources */,
				F97259EA24FB308F00793A8F /* maruSound.mp3 in Resources */,
				F97259DD24FB2EB900793A8F /* Assets.xcassets in Resources */,
				F97259EB24FB308F00793A8F /* batsuSound.mp3 in Resources */,
				F97259EC24FB308F00793A8F /* sound.mp3 in Resources */,
				F97259DB24FB2EB300793A8F /* Main.storyboard in Resources */,
			);
			runOnlyForDeploymentPostprocessing = 0;
		};
/* End PBXResourcesBuildPhase section */

/* Begin PBXSourcesBuildPhase section */
		F97259CC24FB2EB300793A8F /* Sources */ = {
			isa = PBXSourcesBuildPhase;
			buildActionMask = 2147483647;
			files = (
				F97259D824FB2EB300793A8F /* ViewController.swift in Sources */,
				F97259F824FB4AA200793A8F /* SoundFile.swift in Sources */,
				F97259F624FB3C6700793A8F /* ImagesList.swift in Sources */,
				F97259F224FB358600793A8F /* NextViewController.swift in Sources */,
				F97259D424FB2EB300793A8F /* AppDelegate.swift in Sources */,
				F97259D624FB2EB300793A8F /* SceneDelegate.swift in Sources */,
				F97259FC24FB5FE600793A8F /* ChangeColor.swift in Sources */,
				F97259F424FB3B6700793A8F /* ImagesModel.swift in Sources */,
				F97259FA24FB55B900793A8F /* WithoutMP3.swift in Sources */,
			);
			runOnlyForDeploymentPostprocessing = 0;
		};
/* End PBXSourcesBuildPhase section */

/* Begin PBXVariantGroup section */
		F97259D924FB2EB300793A8F /* Main.storyboard */ = {
			isa = PBXVariantGroup;
			children = (
				F97259DA24FB2EB300793A8F /* Base */,
			);
			name = Main.storyboard;
			sourceTree = "<group>";
		};
		F97259DE24FB2EB900793A8F /* LaunchScreen.storyboard */ = {
			isa = PBXVariantGroup;
			children = (
				F97259DF24FB2EB900793A8F /* Base */,
			);
			name = LaunchScreen.storyboard;
			sourceTree = "<group>";
		};
/* End PBXVariantGroup section */

/* Begin XCBuildConfiguration section */
		F97259E224FB2EB900793A8F /* Debug */ = {
			isa = XCBuildConfiguration;
			buildSettings = {
				ALWAYS_SEARCH_USER_PATHS = NO;
				CLANG_ANALYZER_NONNULL = YES;
				CLANG_ANALYZER_NUMBER_OBJECT_CONVERSION = YES_AGGRESSIVE;
				CLANG_CXX_LANGUAGE_STANDARD = "gnu++14";
				CLANG_CXX_LIBRARY = "libc++";
				CLANG_ENABLE_MODULES = YES;
				CLANG_ENABLE_OBJC_ARC = YES;
				CLANG_ENABLE_OBJC_WEAK = YES;
				CLANG_WARN_BLOCK_CAPTURE_AUTORELEASING = YES;
				CLANG_WARN_BOOL_CONVERSION = YES;
				CLANG_WARN_COMMA = YES;
				CLANG_WARN_CONSTANT_CONVERSION = YES;
				CLANG_WARN_DEPRECATED_OBJC_IMPLEMENTATIONS = YES;
				CLANG_WARN_DIRECT_OBJC_ISA_USAGE = YES_ERROR;
				CLANG_WARN_DOCUMENTATION_COMMENTS = YES;
				CLANG_WARN_EMPTY_BODY = YES;
				CLANG_WARN_ENUM_CONVERSION = YES;
				CLANG_WARN_INFINITE_RECURSION = YES;
				CLANG_WARN_INT_CONVERSION = YES;
				CLANG_WARN_NON_LITERAL_NULL_CONVERSION = YES;
				CLANG_WARN_OBJC_IMPLICIT_RETAIN_SELF = YES;
				CLANG_WARN_OBJC_LITERAL_CONVERSION = YES;
				CLANG_WARN_OBJC_ROOT_CLASS = YES_ERROR;
				CLANG_WARN_RANGE_LOOP_ANALYSIS = YES;
				CLANG_WARN_STRICT_PROTOTYPES = YES;
				CLANG_WARN_SUSPICIOUS_MOVE = YES;
				CLANG_WARN_UNGUARDED_AVAILABILITY = YES_AGGRESSIVE;
				CLANG_WARN_UNREACHABLE_CODE = YES;
				CLANG_WARN__DUPLICATE_METHOD_MATCH = YES;
				COPY_PHASE_STRIP = NO;
				DEBUG_INFORMATION_FORMAT = dwarf;
				ENABLE_STRICT_OBJC_MSGSEND = YES;
				ENABLE_TESTABILITY = YES;
				GCC_C_LANGUAGE_STANDARD = gnu11;
				GCC_DYNAMIC_NO_PIC = NO;
				GCC_NO_COMMON_BLOCKS = YES;
				GCC_OPTIMIZATION_LEVEL = 0;
				GCC_PREPROCESSOR_DEFINITIONS = (
					"DEBUG=1",
					"$(inherited)",
				);
				GCC_WARN_64_TO_32_BIT_CONVERSION = YES;
				GCC_WARN_ABOUT_RETURN_TYPE = YES_ERROR;
				GCC_WARN_UNDECLARED_SELECTOR = YES;
				GCC_WARN_UNINITIALIZED_AUTOS = YES_AGGRESSIVE;
				GCC_WARN_UNUSED_FUNCTION = YES;
				GCC_WARN_UNUSED_VARIABLE = YES;
				IPHONEOS_DEPLOYMENT_TARGET = 13.6;
				MTL_ENABLE_DEBUG_INFO = INCLUDE_SOURCE;
				MTL_FAST_MATH = YES;
				ONLY_ACTIVE_ARCH = YES;
				SDKROOT = iphoneos;
				SWIFT_ACTIVE_COMPILATION_CONDITIONS = DEBUG;
				SWIFT_OPTIMIZATION_LEVEL = "-Onone";
			};
			name = Debug;
		};
		F97259E324FB2EB900793A8F /* Release */ = {
			isa = XCBuildConfiguration;
			buildSettings = {
				ALWAYS_SEARCH_USER_PATHS = NO;
				CLANG_ANALYZER_NONNULL = YES;
				CLANG_ANALYZER_NUMBER_OBJECT_CONVERSION = YES_AGGRESSIVE;
				CLANG_CXX_LANGUAGE_STANDARD = "gnu++14";
				CLANG_CXX_LIBRARY = "libc++";
				CLANG_ENABLE_MODULES = YES;
				CLANG_ENABLE_OBJC_ARC = YES;
				CLANG_ENABLE_OBJC_WEAK = YES;
				CLANG_WARN_BLOCK_CAPTURE_AUTORELEASING = YES;
				CLANG_WARN_BOOL_CONVERSION = YES;
				CLANG_WARN_COMMA = YES;
				CLANG_WARN_CONSTANT_CONVERSION = YES;
				CLANG_WARN_DEPRECATED_OBJC_IMPLEMENTATIONS = YES;
				CLANG_WARN_DIRECT_OBJC_ISA_USAGE = YES_ERROR;
				CLANG_WARN_DOCUMENTATION_COMMENTS = YES;
				CLANG_WARN_EMPTY_BODY = YES;
				CLANG_WARN_ENUM_CONVERSION = YES;
				CLANG_WARN_INFINITE_RECURSION = YES;
				CLANG_WARN_INT_CONVERSION = YES;
				CLANG_WARN_NON_LITERAL_NULL_CONVERSION = YES;
				CLANG_WARN_OBJC_IMPLICIT_RETAIN_SELF = YES;
				CLANG_WARN_OBJC_LITERAL_CONVERSION = YES;
				CLANG_WARN_OBJC_ROOT_CLASS = YES_ERROR;
				CLANG_WARN_RANGE_LOOP_ANALYSIS = YES;
				CLANG_WARN_STRICT_PROTOTYPES = YES;
				CLANG_WARN_SUSPICIOUS_MOVE = YES;
				CLANG_WARN_UNGUARDED_AVAILABILITY = YES_AGGRESSIVE;
				CLANG_WARN_UNREACHABLE_CODE = YES;
				CLANG_WARN__DUPLICATE_METHOD_MATCH = YES;
				COPY_PHASE_STRIP = NO;
				DEBUG_INFORMATION_FORMAT = "dwarf-with-dsym";
				ENABLE_NS_ASSERTIONS = NO;
				ENABLE_STRICT_OBJC_MSGSEND = YES;
				GCC_C_LANGUAGE_STANDARD = gnu11;
				GCC_NO_COMMON_BLOCKS = YES;
				GCC_WARN_64_TO_32_BIT_CONVERSION = YES;
				GCC_WARN_ABOUT_RETURN_TYPE = YES_ERROR;
				GCC_WARN_UNDECLARED_SELECTOR = YES;
				GCC_WARN_UNINITIALIZED_AUTOS = YES_AGGRESSIVE;
				GCC_WARN_UNUSED_FUNCTION = YES;
				GCC_WARN_UNUSED_VARIABLE = YES;
				IPHONEOS_DEPLOYMENT_TARGET = 13.6;
				MTL_ENABLE_DEBUG_INFO = NO;
				MTL_FAST_MATH = YES;
				SDKROOT = iphoneos;
				SWIFT_COMPILATION_MODE = wholemodule;
				SWIFT_OPTIMIZATION_LEVEL = "-O";
				VALIDATE_PRODUCT = YES;
			};
			name = Release;
		};
		F97259E524FB2EB900793A8F /* Debug */ = {
			isa = XCBuildConfiguration;
			buildSettings = {
				ASSETCATALOG_COMPILER_APPICON_NAME = AppIcon;
				CODE_SIGN_STYLE = Automatic;
				INFOPLIST_FILE = QuestionApp1/Info.plist;
				LD_RUNPATH_SEARCH_PATHS = (
					"$(inherited)",
					"@executable_path/Frameworks",
				);
				PRODUCT_BUNDLE_IDENTIFIER = com.isol.QuestionApp1;
				PRODUCT_NAME = "$(TARGET_NAME)";
				SWIFT_VERSION = 5.0;
				TARGETED_DEVICE_FAMILY = 1;
			};
			name = Debug;
		};
		F97259E624FB2EB900793A8F /* Release */ = {
			isa = XCBuildConfiguration;
			buildSettings = {
				ASSETCATALOG_COMPILER_APPICON_NAME = AppIcon;
				CODE_SIGN_STYLE = Automatic;
				INFOPLIST_FILE = QuestionApp1/Info.plist;
				LD_RUNPATH_SEARCH_PATHS = (
					"$(inherited)",
					"@executable_path/Frameworks",
				);
				PRODUCT_BUNDLE_IDENTIFIER = com.isol.QuestionApp1;
				PRODUCT_NAME = "$(TARGET_NAME)";
				SWIFT_VERSION = 5.0;
				TARGETED_DEVICE_FAMILY = 1;
			};
			name = Release;
		};
/* End XCBuildConfiguration section */

/* Begin XCConfigurationList section */
		F97259CB24FB2EB300793A8F /* Build configuration list for PBXProject "QuestionApp1" */ = {
			isa = XCConfigurationList;
			buildConfigurations = (
				F97259E224FB2EB900793A8F /* Debug */,
				F97259E324FB2EB900793A8F /* Release */,
			);
			defaultConfigurationIsVisible = 0;
			defaultConfigurationName = Release;
		};
		F97259E424FB2EB900793A8F /* Build configuration list for PBXNativeTarget "QuestionApp1" */ = {
			isa = XCConfigurationList;
			buildConfigurations = (
				F97259E524FB2EB900793A8F /* Debug */,
				F97259E624FB2EB900793A8F /* Release */,
			);
			defaultConfigurationIsVisible = 0;
			defaultConfigurationName = Release;
		};
/* End XCConfigurationList section */
	};
	rootObject = F97259C824FB2EB300793A8F /* Project object */;
}
